{
  "nodes": {
    "nixpkgs": {
      "locked": {
        "lastModified": 1685653608,
        "narHash": "sha256-4pwnZ8S02By+lGDVC9BKpsgJvsuFdwT37j/DsLslfH4=",
        "owner": "NixOS",
        "repo": "nixpkgs",
        "rev": "e002d1926c23b29be7b59217e5f9740565b642ca",
        "type": "github"
      },
      "original": {
        "owner": "NixOS",
        "ref": "nixpkgs-unstable",
        "repo": "nixpkgs",
        "type": "github"
      }
    },
    "root": {
      "inputs": {
        "nixpkgs": "nixpkgs"
      }
    }
  },
  "root": "root",
  "version": 7
}
